
Microsoft Visual Studio Solution File, Format Version 12.00
# Visual Studio Version 17
VisualStudioVersion = 17.10.34928.147
MinimumVisualStudioVersion = 10.0.40219.1
Project("{FAE04EC0-301F-11D3-BF4B-00C04F79EFBC}") = "C#A1", "C#A1\C#A1.csproj", "{DA01CE0E-BA73-4813-A15A-EE974B8EAE91}"
EndProject
Global
	GlobalSection(SolutionConfigurationPlatforms) = preSolution
		Debug|Any CPU = Debug|Any CPU
		Release|Any CPU = Release|Any CPU
	EndGlobalSection
	GlobalSection(ProjectConfigurationPlatforms) = postSolution
		{DA01CE0E-BA73-4813-A15A-EE974B8EAE91}.Debug|Any CPU.ActiveCfg = Debug|Any CPU
		{DA01CE0E-BA73-4813-A15A-EE974B8EAE91}.Debug|Any CPU.Build.0 = Debug|Any CPU
		{DA01CE0E-BA73-4813-A15A-EE974B8EAE91}.Release|Any CPU.ActiveCfg = Release|Any CPU
		{DA01CE0E-BA73-4813-A15A-EE974B8EAE91}.Release|Any CPU.Build.0 = Release|Any CPU
	EndGlobalSection
	GlobalSection(SolutionProperties) = preSolution
		HideSolutionNode = FALSE
	EndGlobalSection
	GlobalSection(ExtensibilityGlobals) = postSolution
		SolutionGuid = {0D5656DD-4284-4FAC-BA3C-36EFB34F8E81}
	EndGlobalSection
EndGlobal
